// !$*UTF8*$!
{
	archiveVersion = 1;
	classes = {
	};
	objectVersion = 48;
	objects = {

/* Begin PBXBuildFile section */
		185008141FA29C1000BFDB40 /* AppDelegate.swift in Sources */ = {isa = PBXBuildFile; fileRef = 185008131FA29C1000BFDB40 /* AppDelegate.swift */; };
		185008191FA29C1000BFDB40 /* Main.storyboard in Resources */ = {isa = PBXBuildFile; fileRef = 185008171FA29C1000BFDB40 /* Main.storyboard */; };
		1850081B1FA29C1000BFDB40 /* Assets.xcassets in Resources */ = {isa = PBXBuildFile; fileRef = 1850081A1FA29C1000BFDB40 /* Assets.xcassets */; };
		1850081E1FA29C1000BFDB40 /* LaunchScreen.storyboard in Resources */ = {isa = PBXBuildFile; fileRef = 1850081C1FA29C1000BFDB40 /* LaunchScreen.storyboard */; };
		1850082D1FA2B0DF00BFDB40 /* LoginViewController.swift in Sources */ = {isa = PBXBuildFile; fileRef = 1850082C1FA2B0DF00BFDB40 /* LoginViewController.swift */; };
		1850082F1FA2B0E600BFDB40 /* SignupViewController.swift in Sources */ = {isa = PBXBuildFile; fileRef = 1850082E1FA2B0E600BFDB40 /* SignupViewController.swift */; };
		185008311FA2B0F500BFDB40 /* MapViewController.swift in Sources */ = {isa = PBXBuildFile; fileRef = 185008301FA2B0F500BFDB40 /* MapViewController.swift */; };
		185008331FA2B10200BFDB40 /* ARWorldViewController.swift in Sources */ = {isa = PBXBuildFile; fileRef = 185008321FA2B10200BFDB40 /* ARWorldViewController.swift */; };
		185008351FA2B10900BFDB40 /* PokedexViewController.swift in Sources */ = {isa = PBXBuildFile; fileRef = 185008341FA2B10900BFDB40 /* PokedexViewController.swift */; };
		185008371FA2B14300BFDB40 /* PokemonTableViewCell.swift in Sources */ = {isa = PBXBuildFile; fileRef = 185008361FA2B14300BFDB40 /* PokemonTableViewCell.swift */; };
		1850083A1FA2B23400BFDB40 /* MapKit.framework in Frameworks */ = {isa = PBXBuildFile; fileRef = 185008391FA2B23400BFDB40 /* MapKit.framework */; };
		1850083C1FA2B39B00BFDB40 /* Constants.swift in Sources */ = {isa = PBXBuildFile; fileRef = 1850083B1FA2B39B00BFDB40 /* Constants.swift */; };
		1850083E1FA2B3B400BFDB40 /* ProjectErrors.swift in Sources */ = {isa = PBXBuildFile; fileRef = 1850083D1FA2B3B400BFDB40 /* ProjectErrors.swift */; };
		189B9D501FA3CB4300882F76 /* MKMapView+Extensions.swift in Sources */ = {isa = PBXBuildFile; fileRef = 189B9D4F1FA3CB4300882F76 /* MKMapView+Extensions.swift */; };
		189B9D531FA3DC6300882F76 /* StoreAnnotationView.swift in Sources */ = {isa = PBXBuildFile; fileRef = 189B9D521FA3DC6300882F76 /* StoreAnnotationView.swift */; };
		189B9D551FA3DE8F00882F76 /* PokemonGOAnnotation.swift in Sources */ = {isa = PBXBuildFile; fileRef = 189B9D541FA3DE8F00882F76 /* PokemonGOAnnotation.swift */; };
		189B9D571FA3DFF400882F76 /* PokemonAnnotationView.swift in Sources */ = {isa = PBXBuildFile; fileRef = 189B9D561FA3DFF400882F76 /* PokemonAnnotationView.swift */; };
		18AE23DA1FA39AA400DF6934 /* LocationController.swift in Sources */ = {isa = PBXBuildFile; fileRef = 18AE23D91FA39AA400DF6934 /* LocationController.swift */; };
/* End PBXBuildFile section */

/* Begin PBXFileReference section */
		185008101FA29C1000BFDB40 /* PokemonGO.app */ = {isa = PBXFileReference; explicitFileType = wrapper.application; includeInIndex = 0; path = PokemonGO.app; sourceTree = BUILT_PRODUCTS_DIR; };
		185008131FA29C1000BFDB40 /* AppDelegate.swift */ = {isa = PBXFileReference; lastKnownFileType = sourcecode.swift; path = AppDelegate.swift; sourceTree = "<group>"; };
		185008181FA29C1000BFDB40 /* Base */ = {isa = PBXFileReference; lastKnownFileType = file.storyboard; name = Base; path = Base.lproj/Main.storyboard; sourceTree = "<group>"; };
		1850081A1FA29C1000BFDB40 /* Assets.xcassets */ = {isa = PBXFileReference; lastKnownFileType = folder.assetcatalog; path = Assets.xcassets; sourceTree = "<group>"; };
		1850081D1FA29C1000BFDB40 /* Base */ = {isa = PBXFileReference; lastKnownFileType = file.storyboard; name = Base; path = Base.lproj/LaunchScreen.storyboard; sourceTree = "<group>"; };
		1850081F1FA29C1000BFDB40 /* Info.plist */ = {isa = PBXFileReference; lastKnownFileType = text.plist.xml; path = Info.plist; sourceTree = "<group>"; };
		1850082C1FA2B0DF00BFDB40 /* LoginViewController.swift */ = {isa = PBXFileReference; lastKnownFileType = sourcecode.swift; path = LoginViewController.swift; sourceTree = "<group>"; };
		1850082E1FA2B0E600BFDB40 /* SignupViewController.swift */ = {isa = PBXFileReference; lastKnownFileType = sourcecode.swift; path = SignupViewController.swift; sourceTree = "<group>"; };
		185008301FA2B0F500BFDB40 /* MapViewController.swift */ = {isa = PBXFileReference; lastKnownFileType = sourcecode.swift; path = MapViewController.swift; sourceTree = "<group>"; };
		185008321FA2B10200BFDB40 /* ARWorldViewController.swift */ = {isa = PBXFileReference; lastKnownFileType = sourcecode.swift; path = ARWorldViewController.swift; sourceTree = "<group>"; };
		185008341FA2B10900BFDB40 /* PokedexViewController.swift */ = {isa = PBXFileReference; lastKnownFileType = sourcecode.swift; path = PokedexViewController.swift; sourceTree = "<group>"; };
		185008361FA2B14300BFDB40 /* PokemonTableViewCell.swift */ = {isa = PBXFileReference; lastKnownFileType = sourcecode.swift; path = PokemonTableViewCell.swift; sourceTree = "<group>"; };
		185008391FA2B23400BFDB40 /* MapKit.framework */ = {isa = PBXFileReference; lastKnownFileType = wrapper.framework; name = MapKit.framework; path = System/Library/Frameworks/MapKit.framework; sourceTree = SDKROOT; };
		1850083B1FA2B39B00BFDB40 /* Constants.swift */ = {isa = PBXFileReference; lastKnownFileType = sourcecode.swift; path = Constants.swift; sourceTree = "<group>"; };
		1850083D1FA2B3B400BFDB40 /* ProjectErrors.swift */ = {isa = PBXFileReference; lastKnownFileType = sourcecode.swift; path = ProjectErrors.swift; sourceTree = "<group>"; };
		189B9D4F1FA3CB4300882F76 /* MKMapView+Extensions.swift */ = {isa = PBXFileReference; lastKnownFileType = sourcecode.swift; path = "MKMapView+Extensions.swift"; sourceTree = "<group>"; };
		189B9D521FA3DC6300882F76 /* StoreAnnotationView.swift */ = {isa = PBXFileReference; lastKnownFileType = sourcecode.swift; path = StoreAnnotationView.swift; sourceTree = "<group>"; };
		189B9D541FA3DE8F00882F76 /* PokemonGOAnnotation.swift */ = {isa = PBXFileReference; lastKnownFileType = sourcecode.swift; path = PokemonGOAnnotation.swift; sourceTree = "<group>"; };
		189B9D561FA3DFF400882F76 /* PokemonAnnotationView.swift */ = {isa = PBXFileReference; lastKnownFileType = sourcecode.swift; path = PokemonAnnotationView.swift; sourceTree = "<group>"; };
		18AE23D91FA39AA400DF6934 /* LocationController.swift */ = {isa = PBXFileReference; lastKnownFileType = sourcecode.swift; path = LocationController.swift; sourceTree = "<group>"; };
/* End PBXFileReference section */

/* Begin PBXFrameworksBuildPhase section */
		1850080D1FA29C1000BFDB40 /* Frameworks */ = {
			isa = PBXFrameworksBuildPhase;
			buildActionMask = 2147483647;
			files = (
				1850083A1FA2B23400BFDB40 /* MapKit.framework in Frameworks */,
			);
			runOnlyForDeploymentPostprocessing = 0;
		};
/* End PBXFrameworksBuildPhase section */

/* Begin PBXGroup section */
		185008071FA29C1000BFDB40 = {
			isa = PBXGroup;
			children = (
				185008121FA29C1000BFDB40 /* PokemonGO */,
				185008111FA29C1000BFDB40 /* Products */,
				185008381FA2B23400BFDB40 /* Frameworks */,
			);
			sourceTree = "<group>";
		};
		185008111FA29C1000BFDB40 /* Products */ = {
			isa = PBXGroup;
			children = (
				185008101FA29C1000BFDB40 /* PokemonGO.app */,
			);
			name = Products;
			sourceTree = "<group>";
		};
		185008121FA29C1000BFDB40 /* PokemonGO */ = {
			isa = PBXGroup;
			children = (
				1850082B1FA2B0A100BFDB40 /* View */,
				1850082A1FA2B09500BFDB40 /* ViewController */,
				185008291FA2B09000BFDB40 /* Model */,
				185008281FA2B08200BFDB40 /* ModelController */,
				18AE23D81FA39A7D00DF6934 /* Controllers */,
				185008271FA2B07800BFDB40 /* Helpers */,
				185008251FA2B05100BFDB40 /* UI */,
				189B9D511FA3DC3900882F76 /* CustomObjects */,
				189B9D4E1FA3CB3100882F76 /* Extensions */,
				185008261FA2B06100BFDB40 /* Resources */,
			);
			path = PokemonGO;
			sourceTree = "<group>";
		};
		185008251FA2B05100BFDB40 /* UI */ = {
			isa = PBXGroup;
			children = (
				185008171FA29C1000BFDB40 /* Main.storyboard */,
				1850081C1FA29C1000BFDB40 /* LaunchScreen.storyboard */,
			);
			name = UI;
			sourceTree = "<group>";
		};
		185008261FA2B06100BFDB40 /* Resources */ = {
			isa = PBXGroup;
			children = (
				185008131FA29C1000BFDB40 /* AppDelegate.swift */,
				1850081A1FA29C1000BFDB40 /* Assets.xcassets */,
				1850081F1FA29C1000BFDB40 /* Info.plist */,
			);
			name = Resources;
			sourceTree = "<group>";
		};
		185008271FA2B07800BFDB40 /* Helpers */ = {
			isa = PBXGroup;
			children = (
				1850083B1FA2B39B00BFDB40 /* Constants.swift */,
				1850083D1FA2B3B400BFDB40 /* ProjectErrors.swift */,
			);
			name = Helpers;
			sourceTree = "<group>";
		};
		185008281FA2B08200BFDB40 /* ModelController */ = {
			isa = PBXGroup;
			children = (
			);
			name = ModelController;
			sourceTree = "<group>";
		};
		185008291FA2B09000BFDB40 /* Model */ = {
			isa = PBXGroup;
			children = (
			);
			name = Model;
			sourceTree = "<group>";
		};
		1850082A1FA2B09500BFDB40 /* ViewController */ = {
			isa = PBXGroup;
			children = (
				1850082C1FA2B0DF00BFDB40 /* LoginViewController.swift */,
				1850082E1FA2B0E600BFDB40 /* SignupViewController.swift */,
				185008301FA2B0F500BFDB40 /* MapViewController.swift */,
				185008321FA2B10200BFDB40 /* ARWorldViewController.swift */,
				185008341FA2B10900BFDB40 /* PokedexViewController.swift */,
			);
			name = ViewController;
			sourceTree = "<group>";
		};
		1850082B1FA2B0A100BFDB40 /* View */ = {
			isa = PBXGroup;
			children = (
				185008361FA2B14300BFDB40 /* PokemonTableViewCell.swift */,
			);
			name = View;
			sourceTree = "<group>";
		};
		185008381FA2B23400BFDB40 /* Frameworks */ = {
			isa = PBXGroup;
			children = (
				185008391FA2B23400BFDB40 /* MapKit.framework */,
			);
			name = Frameworks;
			sourceTree = "<group>";
		};
		189B9D4E1FA3CB3100882F76 /* Extensions */ = {
			isa = PBXGroup;
			children = (
				189B9D4F1FA3CB4300882F76 /* MKMapView+Extensions.swift */,
			);
			name = Extensions;
			sourceTree = "<group>";
		};
		189B9D511FA3DC3900882F76 /* CustomObjects */ = {
			isa = PBXGroup;
			children = (
				189B9D541FA3DE8F00882F76 /* PokemonGOAnnotation.swift */,
				189B9D521FA3DC6300882F76 /* StoreAnnotationView.swift */,
				189B9D561FA3DFF400882F76 /* PokemonAnnotationView.swift */,
			);
			name = CustomObjects;
			sourceTree = "<group>";
		};
		18AE23D81FA39A7D00DF6934 /* Controllers */ = {
			isa = PBXGroup;
			children = (
				18AE23D91FA39AA400DF6934 /* LocationController.swift */,
			);
			name = Controllers;
			sourceTree = "<group>";
		};
/* End PBXGroup section */

/* Begin PBXNativeTarget section */
		1850080F1FA29C1000BFDB40 /* PokemonGO */ = {
			isa = PBXNativeTarget;
			buildConfigurationList = 185008221FA29C1000BFDB40 /* Build configuration list for PBXNativeTarget "PokemonGO" */;
			buildPhases = (
				1850080C1FA29C1000BFDB40 /* Sources */,
				1850080D1FA29C1000BFDB40 /* Frameworks */,
				1850080E1FA29C1000BFDB40 /* Resources */,
			);
			buildRules = (
			);
			dependencies = (
			);
			name = PokemonGO;
			productName = PokemonGO;
			productReference = 185008101FA29C1000BFDB40 /* PokemonGO.app */;
			productType = "com.apple.product-type.application";
		};
/* End PBXNativeTarget section */

/* Begin PBXProject section */
		185008081FA29C1000BFDB40 /* Project object */ = {
			isa = PBXProject;
			attributes = {
				LastSwiftUpdateCheck = 0900;
				LastUpgradeCheck = 0900;
				ORGANIZATIONNAME = "Thomas Ganley";
				TargetAttributes = {
					1850080F1FA29C1000BFDB40 = {
						CreatedOnToolsVersion = 9.0;
						ProvisioningStyle = Automatic;
						SystemCapabilities = {
							com.apple.Maps.iOS = {
								enabled = 1;
							};
						};
					};
				};
			};
			buildConfigurationList = 1850080B1FA29C1000BFDB40 /* Build configuration list for PBXProject "PokemonGO" */;
			compatibilityVersion = "Xcode 8.0";
			developmentRegion = en;
			hasScannedForEncodings = 0;
			knownRegions = (
				en,
				Base,
			);
			mainGroup = 185008071FA29C1000BFDB40;
			productRefGroup = 185008111FA29C1000BFDB40 /* Products */;
			projectDirPath = "";
			projectRoot = "";
			targets = (
				1850080F1FA29C1000BFDB40 /* PokemonGO */,
			);
		};
/* End PBXProject section */

/* Begin PBXResourcesBuildPhase section */
		1850080E1FA29C1000BFDB40 /* Resources */ = {
			isa = PBXResourcesBuildPhase;
			buildActionMask = 2147483647;
			files = (
				1850081E1FA29C1000BFDB40 /* LaunchScreen.storyboard in Resources */,
				1850081B1FA29C1000BFDB40 /* Assets.xcassets in Resources */,
				185008191FA29C1000BFDB40 /* Main.storyboard in Resources */,
			);
			runOnlyForDeploymentPostprocessing = 0;
		};
/* End PBXResourcesBuildPhase section */

/* Begin PBXSourcesBuildPhase section */
		1850080C1FA29C1000BFDB40 /* Sources */ = {
			isa = PBXSourcesBuildPhase;
			buildActionMask = 2147483647;
			files = (
				1850082F1FA2B0E600BFDB40 /* SignupViewController.swift in Sources */,
				1850083E1FA2B3B400BFDB40 /* ProjectErrors.swift in Sources */,
				185008371FA2B14300BFDB40 /* PokemonTableViewCell.swift in Sources */,
				189B9D571FA3DFF400882F76 /* PokemonAnnotationView.swift in Sources */,
				189B9D501FA3CB4300882F76 /* MKMapView+Extensions.swift in Sources */,
				1850082D1FA2B0DF00BFDB40 /* LoginViewController.swift in Sources */,
				189B9D551FA3DE8F00882F76 /* PokemonGOAnnotation.swift in Sources */,
				185008141FA29C1000BFDB40 /* AppDelegate.swift in Sources */,
				185008351FA2B10900BFDB40 /* PokedexViewController.swift in Sources */,
				189B9D531FA3DC6300882F76 /* StoreAnnotationView.swift in Sources */,
				185008311FA2B0F500BFDB40 /* MapViewController.swift in Sources */,
				185008331FA2B10200BFDB40 /* ARWorldViewController.swift in Sources */,
				18AE23DA1FA39AA400DF6934 /* LocationController.swift in Sources */,
				1850083C1FA2B39B00BFDB40 /* Constants.swift in Sources */,
			);
			runOnlyForDeploymentPostprocessing = 0;
		};
/* End PBXSourcesBuildPhase section */

/* Begin PBXVariantGroup section */
		185008171FA29C1000BFDB40 /* Main.storyboard */ = {
			isa = PBXVariantGroup;
			children = (
				185008181FA29C1000BFDB40 /* Base */,
			);
			name = Main.storyboard;
			sourceTree = "<group>";
		};
		1850081C1FA29C1000BFDB40 /* LaunchScreen.storyboard */ = {
			isa = PBXVariantGroup;
			children = (
				1850081D1FA29C1000BFDB40 /* Base */,
			);
			name = LaunchScreen.storyboard;
			sourceTree = "<group>";
		};
/* End PBXVariantGroup section */

/* Begin XCBuildConfiguration section */
		185008201FA29C1000BFDB40 /* Debug */ = {
			isa = XCBuildConfiguration;
			buildSettings = {
				ALWAYS_SEARCH_USER_PATHS = NO;
				CLANG_ANALYZER_NONNULL = YES;
				CLANG_ANALYZER_NUMBER_OBJECT_CONVERSION = YES_AGGRESSIVE;
				CLANG_CXX_LANGUAGE_STANDARD = "gnu++14";
				CLANG_CXX_LIBRARY = "libc++";
				CLANG_ENABLE_MODULES = YES;
				CLANG_ENABLE_OBJC_ARC = YES;
				CLANG_WARN_BLOCK_CAPTURE_AUTORELEASING = YES;
				CLANG_WARN_BOOL_CONVERSION = YES;
				CLANG_WARN_COMMA = YES;
				CLANG_WARN_CONSTANT_CONVERSION = YES;
				CLANG_WARN_DIRECT_OBJC_ISA_USAGE = YES_ERROR;
				CLANG_WARN_DOCUMENTATION_COMMENTS = YES;
				CLANG_WARN_EMPTY_BODY = YES;
				CLANG_WARN_ENUM_CONVERSION = YES;
				CLANG_WARN_INFINITE_RECURSION = YES;
				CLANG_WARN_INT_CONVERSION = YES;
				CLANG_WARN_NON_LITERAL_NULL_CONVERSION = YES;
				CLANG_WARN_OBJC_LITERAL_CONVERSION = YES;
				CLANG_WARN_OBJC_ROOT_CLASS = YES_ERROR;
				CLANG_WARN_RANGE_LOOP_ANALYSIS = YES;
				CLANG_WARN_STRICT_PROTOTYPES = YES;
				CLANG_WARN_SUSPICIOUS_MOVE = YES;
				CLANG_WARN_UNGUARDED_AVAILABILITY = YES_AGGRESSIVE;
				CLANG_WARN_UNREACHABLE_CODE = YES;
				CLANG_WARN__DUPLICATE_METHOD_MATCH = YES;
				CODE_SIGN_IDENTITY = "iPhone Developer";
				COPY_PHASE_STRIP = NO;
				DEBUG_INFORMATION_FORMAT = dwarf;
				ENABLE_STRICT_OBJC_MSGSEND = YES;
				ENABLE_TESTABILITY = YES;
				GCC_C_LANGUAGE_STANDARD = gnu11;
				GCC_DYNAMIC_NO_PIC = NO;
				GCC_NO_COMMON_BLOCKS = YES;
				GCC_OPTIMIZATION_LEVEL = 0;
				GCC_PREPROCESSOR_DEFINITIONS = (
					"DEBUG=1",
					"$(inherited)",
				);
				GCC_WARN_64_TO_32_BIT_CONVERSION = YES;
				GCC_WARN_ABOUT_RETURN_TYPE = YES_ERROR;
				GCC_WARN_UNDECLARED_SELECTOR = YES;
				GCC_WARN_UNINITIALIZED_AUTOS = YES_AGGRESSIVE;
				GCC_WARN_UNUSED_FUNCTION = YES;
				GCC_WARN_UNUSED_VARIABLE = YES;
				IPHONEOS_DEPLOYMENT_TARGET = 11.0;
				MTL_ENABLE_DEBUG_INFO = YES;
				ONLY_ACTIVE_ARCH = YES;
				SDKROOT = iphoneos;
				SWIFT_ACTIVE_COMPILATION_CONDITIONS = DEBUG;
				SWIFT_OPTIMIZATION_LEVEL = "-Onone";
			};
			name = Debug;
		};
		185008211FA29C1000BFDB40 /* Release */ = {
			isa = XCBuildConfiguration;
			buildSettings = {
				ALWAYS_SEARCH_USER_PATHS = NO;
				CLANG_ANALYZER_NONNULL = YES;
				CLANG_ANALYZER_NUMBER_OBJECT_CONVERSION = YES_AGGRESSIVE;
				CLANG_CXX_LANGUAGE_STANDARD = "gnu++14";
				CLANG_CXX_LIBRARY = "libc++";
				CLANG_ENABLE_MODULES = YES;
				CLANG_ENABLE_OBJC_ARC = YES;
				CLANG_WARN_BLOCK_CAPTURE_AUTORELEASING = YES;
				CLANG_WARN_BOOL_CONVERSION = YES;
				CLANG_WARN_COMMA = YES;
				CLANG_WARN_CONSTANT_CONVERSION = YES;
				CLANG_WARN_DIRECT_OBJC_ISA_USAGE = YES_ERROR;
				CLANG_WARN_DOCUMENTATION_COMMENTS = YES;
				CLANG_WARN_EMPTY_BODY = YES;
				CLANG_WARN_ENUM_CONVERSION = YES;
				CLANG_WARN_INFINITE_RECURSION = YES;
				CLANG_WARN_INT_CONVERSION = YES;
				CLANG_WARN_NON_LITERAL_NULL_CONVERSION = YES;
				CLANG_WARN_OBJC_LITERAL_CONVERSION = YES;
				CLANG_WARN_OBJC_ROOT_CLASS = YES_ERROR;
				CLANG_WARN_RANGE_LOOP_ANALYSIS = YES;
				CLANG_WARN_STRICT_PROTOTYPES = YES;
				CLANG_WARN_SUSPICIOUS_MOVE = YES;
				CLANG_WARN_UNGUARDED_AVAILABILITY = YES_AGGRESSIVE;
				CLANG_WARN_UNREACHABLE_CODE = YES;
				CLANG_WARN__DUPLICATE_METHOD_MATCH = YES;
				CODE_SIGN_IDENTITY = "iPhone Developer";
				COPY_PHASE_STRIP = NO;
				DEBUG_INFORMATION_FORMAT = "dwarf-with-dsym";
				ENABLE_NS_ASSERTIONS = NO;
				ENABLE_STRICT_OBJC_MSGSEND = YES;
				GCC_C_LANGUAGE_STANDARD = gnu11;
				GCC_NO_COMMON_BLOCKS = YES;
				GCC_WARN_64_TO_32_BIT_CONVERSION = YES;
				GCC_WARN_ABOUT_RETURN_TYPE = YES_ERROR;
				GCC_WARN_UNDECLARED_SELECTOR = YES;
				GCC_WARN_UNINITIALIZED_AUTOS = YES_AGGRESSIVE;
				GCC_WARN_UNUSED_FUNCTION = YES;
				GCC_WARN_UNUSED_VARIABLE = YES;
				IPHONEOS_DEPLOYMENT_TARGET = 11.0;
				MTL_ENABLE_DEBUG_INFO = NO;
				SDKROOT = iphoneos;
				SWIFT_OPTIMIZATION_LEVEL = "-Owholemodule";
				VALIDATE_PRODUCT = YES;
			};
			name = Release;
		};
		185008231FA29C1000BFDB40 /* Debug */ = {
			isa = XCBuildConfiguration;
			buildSettings = {
				ASSETCATALOG_COMPILER_APPICON_NAME = AppIcon;
				CODE_SIGN_STYLE = Automatic;
				DEVELOPMENT_TEAM = QFVJ6KY7E2;
				INFOPLIST_FILE = PokemonGO/Info.plist;
				LD_RUNPATH_SEARCH_PATHS = "$(inherited) @executable_path/Frameworks";
				PRODUCT_BUNDLE_IDENTIFIER = com.ganleyapps.PokemonGO;
				PRODUCT_NAME = "$(TARGET_NAME)";
				SWIFT_VERSION = 4.0;
				TARGETED_DEVICE_FAMILY = "1,2";
			};
			name = Debug;
		};
		185008241FA29C1000BFDB40 /* Release */ = {
			isa = XCBuildConfiguration;
			buildSettings = {
				ASSETCATALOG_COMPILER_APPICON_NAME = AppIcon;
				CODE_SIGN_STYLE = Automatic;
				DEVELOPMENT_TEAM = QFVJ6KY7E2;
				INFOPLIST_FILE = PokemonGO/Info.plist;
				LD_RUNPATH_SEARCH_PATHS = "$(inherited) @executable_path/Frameworks";
				PRODUCT_BUNDLE_IDENTIFIER = com.ganleyapps.PokemonGO;
				PRODUCT_NAME = "$(TARGET_NAME)";
				SWIFT_VERSION = 4.0;
				TARGETED_DEVICE_FAMILY = "1,2";
			};
			name = Release;
		};
/* End XCBuildConfiguration section */

/* Begin XCConfigurationList section */
		1850080B1FA29C1000BFDB40 /* Build configuration list for PBXProject "PokemonGO" */ = {
			isa = XCConfigurationList;
			buildConfigurations = (
				185008201FA29C1000BFDB40 /* Debug */,
				185008211FA29C1000BFDB40 /* Release */,
			);
			defaultConfigurationIsVisible = 0;
			defaultConfigurationName = Release;
		};
		185008221FA29C1000BFDB40 /* Build configuration list for PBXNativeTarget "PokemonGO" */ = {
			isa = XCConfigurationList;
			buildConfigurations = (
				185008231FA29C1000BFDB40 /* Debug */,
				185008241FA29C1000BFDB40 /* Release */,
			);
			defaultConfigurationIsVisible = 0;
			defaultConfigurationName = Release;
		};
/* End XCConfigurationList section */
	};
	rootObject = 185008081FA29C1000BFDB40 /* Project object */;
}
